
Microsoft Visual Studio Solution File, Format Version 12.00
# Visual Studio Version 17
VisualStudioVersion = 17.3.32929.385
MinimumVisualStudioVersion = 10.0.40219.1
Project("{FAE04EC0-301F-11D3-BF4B-00C04F79EFBC}") = "Bookworm", "Bookworm.csproj", "{BF255DC6-EF26-4C3D-AF22-0846023C3E6B}"
EndProject
Global
	GlobalSection(SolutionConfigurationPlatforms) = preSolution
		Debug|Any CPU = Debug|Any CPU
		Release|Any CPU = Release|Any CPU
	EndGlobalSection
	GlobalSection(ProjectConfigurationPlatforms) = postSolution
		{BF255DC6-EF26-4C3D-AF22-0846023C3E6B}.Debug|Any CPU.ActiveCfg = Debug|Any CPU
		{BF255DC6-EF26-4C3D-AF22-0846023C3E6B}.Debug|Any CPU.Build.0 = Debug|Any CPU
		{BF255DC6-EF26-4C3D-AF22-0846023C3E6B}.Release|Any CPU.ActiveCfg = Release|Any CPU
		{BF255DC6-EF26-4C3D-AF22-0846023C3E6B}.Release|Any CPU.Build.0 = Release|Any CPU
	EndGlobalSection
	GlobalSection(SolutionProperties) = preSolution
		HideSolutionNode = FALSE
	EndGlobalSection
	GlobalSection(ExtensibilityGlobals) = postSolution
		SolutionGuid = {6A2412C8-6236-429E-90B1-CBC113F5A90D}
	EndGlobalSection
EndGlobal
